{
    "_readme": [
        "This file locks the dependencies of your project to a known state",
        "Read more about it at http://getcomposer.org/doc/01-basic-usage.md#composer-lock-the-lock-file",
        "This file is @generated automatically"
    ],
    "hash": "7656ff99930b4fbb5dc93cb28f445544",
    "packages": [
        {
            "name": "bolt/simpleforms",
            "version": "0.12",
            "source": {
                "type": "git",
                "url": "https://github.com/jadwigo/SimpleForms.git",
                "reference": "a9dd6134b695253405b66502e537c13a982162ec"
            },
            "dist": {
                "type": "zip",
                "url": "https://api.github.com/repos/jadwigo/SimpleForms/zipball/a9dd6134b695253405b66502e537c13a982162ec",
                "reference": "a9dd6134b695253405b66502e537c13a982162ec",
                "shasum": ""
            },
            "require": {
                "bolt/bolt": ">=2.0.0,<3.0.0"
            },
            "type": "bolt-extension",
            "extra": {
                "branch-alias": {
                    "dev-master": "1.*"
                }
            },
            "autoload": {
                "files": [
                    "init.php"
                ],
                "psr-4": {
                    "Bolt\\Extension\\Bolt\\SimpleForms\\": ""
                }
            },
            "authors": [
                {
                    "name": "Lodewijk Evers",
                    "email": "lodewijk@twokings.nl",
                    "homepage": "https://github.com/jadwigo"
                }
            ],
            "description": "This extension will allow you to insert simple forms on your site, for users to get in touch, send you a quick note or something like that. To use, configure the required fields in config.yml, and place <code>{{ simpleform('contact') }}</code> in your templates.",
            "keywords": [
                "email",
                "forms",
                "input",
                "upload"
            ],
            "support": {
                "source": "https://github.com/jadwigo/SimpleForms/tree/0.12",
                "issues": "https://github.com/jadwigo/SimpleForms/issues"
            },
            "time": "2015-01-11 12:30:35"
        }
    ],
    "packages-dev": [],
    "aliases": [],
    "minimum-stability": "stable",
    "stability-flags": [],
    "prefer-stable": true,
    "platform": [],
    "platform-dev": []
}
